
Microsoft Visual Studio Solution File, Format Version 12.00
# Visual Studio Version 17
VisualStudioVersion = 17.0.31903.59
MinimumVisualStudioVersion = 10.0.40219.1
Project("{FAE04EC0-301F-11D3-BF4B-00C04F79EFBC}") = "AdventOfCode", "AdventOfCode\AdventOfCode.csproj", "{E9CA9A97-0AE1-44DB-A3C3-740A951B1FBF}"
EndProject
Project("{FAE04EC0-301F-11D3-BF4B-00C04F79EFBC}") = "AdventDayOne", "AdventDayOne\AdventDayOne.csproj", "{02A63B4E-21DC-48A7-4B37-5F70A2E886C7}"
EndProject
Project("{FAE04EC0-301F-11D3-BF4B-00C04F79EFBC}") = "AdventOfCodeTests", "AdventOfCodeTests\AdventOfCodeTests.csproj", "{88AE040A-291B-4F1C-8F0D-517FFD91F603}"
EndProject
Project("{FAE04EC0-301F-11D3-BF4B-00C04F79EFBC}") = "AdventDayTwo", "AdventDayTwo\AdventDayTwo.csproj", "{AC9C6C5F-D19F-4174-9903-402F5E285F5A}"
EndProject
Project("{FAE04EC0-301F-11D3-BF4B-00C04F79EFBC}") = "AdventDayThree", "AdventDayThree\AdventDayThree.csproj", "{8FDACC46-62D0-4C8E-BF75-61308E135AC0}"
EndProject
Project("{FAE04EC0-301F-11D3-BF4B-00C04F79EFBC}") = "AdventDayFour", "AdventDayFour\AdventDayFour.csproj", "{D87829AB-A89D-451B-8223-63EE99C343B0}"
EndProject
Project("{FAE04EC0-301F-11D3-BF4B-00C04F79EFBC}") = "AdventDayFive", "AdventDayFive\AdventDayFive.csproj", "{20D663C7-2CE6-4439-8B41-DA835755A30A}"
EndProject
Project("{FAE04EC0-301F-11D3-BF4B-00C04F79EFBC}") = "AdventDaySix", "AdventDaySix\AdventDaySix.csproj", "{94C8ED98-DFED-48CB-8FA7-5688F258565E}"
EndProject
Project("{FAE04EC0-301F-11D3-BF4B-00C04F79EFBC}") = "AdventDaySeven", "AdventDaySeven\AdventDaySeven.csproj", "{CE80E513-C409-4BA2-9A91-807011BB2902}"
EndProject
Project("{FAE04EC0-301F-11D3-BF4B-00C04F79EFBC}") = "AdventDayEight", "AdventDayEight\AdventDayEight.csproj", "{7C8FD3DD-6ECE-4759-B1CE-45ABCE414171}"
EndProject
Project("{FAE04EC0-301F-11D3-BF4B-00C04F79EFBC}") = "AdventDayNine", "AdventDayNine\AdventDayNine.csproj", "{8ACA2054-671C-4019-ABF5-E7F7A6335E4D}"
EndProject
Global
	GlobalSection(SolutionConfigurationPlatforms) = preSolution
		Debug|Any CPU = Debug|Any CPU
		Release|Any CPU = Release|Any CPU
	EndGlobalSection
	GlobalSection(ProjectConfigurationPlatforms) = postSolution
		{E9CA9A97-0AE1-44DB-A3C3-740A951B1FBF}.Debug|Any CPU.ActiveCfg = Debug|Any CPU
		{E9CA9A97-0AE1-44DB-A3C3-740A951B1FBF}.Debug|Any CPU.Build.0 = Debug|Any CPU
		{E9CA9A97-0AE1-44DB-A3C3-740A951B1FBF}.Release|Any CPU.ActiveCfg = Release|Any CPU
		{E9CA9A97-0AE1-44DB-A3C3-740A951B1FBF}.Release|Any CPU.Build.0 = Release|Any CPU
		{02A63B4E-21DC-48A7-4B37-5F70A2E886C7}.Debug|Any CPU.ActiveCfg = Debug|Any CPU
		{02A63B4E-21DC-48A7-4B37-5F70A2E886C7}.Debug|Any CPU.Build.0 = Debug|Any CPU
		{02A63B4E-21DC-48A7-4B37-5F70A2E886C7}.Release|Any CPU.ActiveCfg = Release|Any CPU
		{02A63B4E-21DC-48A7-4B37-5F70A2E886C7}.Release|Any CPU.Build.0 = Release|Any CPU
		{88AE040A-291B-4F1C-8F0D-517FFD91F603}.Debug|Any CPU.ActiveCfg = Debug|Any CPU
		{88AE040A-291B-4F1C-8F0D-517FFD91F603}.Debug|Any CPU.Build.0 = Debug|Any CPU
		{88AE040A-291B-4F1C-8F0D-517FFD91F603}.Release|Any CPU.ActiveCfg = Release|Any CPU
		{88AE040A-291B-4F1C-8F0D-517FFD91F603}.Release|Any CPU.Build.0 = Release|Any CPU
		{AC9C6C5F-D19F-4174-9903-402F5E285F5A}.Debug|Any CPU.ActiveCfg = Debug|Any CPU
		{AC9C6C5F-D19F-4174-9903-402F5E285F5A}.Debug|Any CPU.Build.0 = Debug|Any CPU
		{AC9C6C5F-D19F-4174-9903-402F5E285F5A}.Release|Any CPU.ActiveCfg = Release|Any CPU
		{AC9C6C5F-D19F-4174-9903-402F5E285F5A}.Release|Any CPU.Build.0 = Release|Any CPU
		{8FDACC46-62D0-4C8E-BF75-61308E135AC0}.Debug|Any CPU.ActiveCfg = Debug|Any CPU
		{8FDACC46-62D0-4C8E-BF75-61308E135AC0}.Debug|Any CPU.Build.0 = Debug|Any CPU
		{8FDACC46-62D0-4C8E-BF75-61308E135AC0}.Release|Any CPU.ActiveCfg = Release|Any CPU
		{8FDACC46-62D0-4C8E-BF75-61308E135AC0}.Release|Any CPU.Build.0 = Release|Any CPU
		{D87829AB-A89D-451B-8223-63EE99C343B0}.Debug|Any CPU.ActiveCfg = Debug|Any CPU
		{D87829AB-A89D-451B-8223-63EE99C343B0}.Debug|Any CPU.Build.0 = Debug|Any CPU
		{D87829AB-A89D-451B-8223-63EE99C343B0}.Release|Any CPU.ActiveCfg = Release|Any CPU
		{D87829AB-A89D-451B-8223-63EE99C343B0}.Release|Any CPU.Build.0 = Release|Any CPU
		{20D663C7-2CE6-4439-8B41-DA835755A30A}.Debug|Any CPU.ActiveCfg = Debug|Any CPU
		{20D663C7-2CE6-4439-8B41-DA835755A30A}.Debug|Any CPU.Build.0 = Debug|Any CPU
		{20D663C7-2CE6-4439-8B41-DA835755A30A}.Release|Any CPU.ActiveCfg = Release|Any CPU
		{20D663C7-2CE6-4439-8B41-DA835755A30A}.Release|Any CPU.Build.0 = Release|Any CPU
		{94C8ED98-DFED-48CB-8FA7-5688F258565E}.Debug|Any CPU.ActiveCfg = Debug|Any CPU
		{94C8ED98-DFED-48CB-8FA7-5688F258565E}.Debug|Any CPU.Build.0 = Debug|Any CPU
		{94C8ED98-DFED-48CB-8FA7-5688F258565E}.Release|Any CPU.ActiveCfg = Release|Any CPU
		{94C8ED98-DFED-48CB-8FA7-5688F258565E}.Release|Any CPU.Build.0 = Release|Any CPU
		{CE80E513-C409-4BA2-9A91-807011BB2902}.Debug|Any CPU.ActiveCfg = Debug|Any CPU
		{CE80E513-C409-4BA2-9A91-807011BB2902}.Debug|Any CPU.Build.0 = Debug|Any CPU
		{CE80E513-C409-4BA2-9A91-807011BB2902}.Release|Any CPU.ActiveCfg = Release|Any CPU
		{CE80E513-C409-4BA2-9A91-807011BB2902}.Release|Any CPU.Build.0 = Release|Any CPU
		{7C8FD3DD-6ECE-4759-B1CE-45ABCE414171}.Debug|Any CPU.ActiveCfg = Debug|Any CPU
		{7C8FD3DD-6ECE-4759-B1CE-45ABCE414171}.Debug|Any CPU.Build.0 = Debug|Any CPU
		{7C8FD3DD-6ECE-4759-B1CE-45ABCE414171}.Release|Any CPU.ActiveCfg = Release|Any CPU
		{7C8FD3DD-6ECE-4759-B1CE-45ABCE414171}.Release|Any CPU.Build.0 = Release|Any CPU
		{8ACA2054-671C-4019-ABF5-E7F7A6335E4D}.Debug|Any CPU.ActiveCfg = Debug|Any CPU
		{8ACA2054-671C-4019-ABF5-E7F7A6335E4D}.Debug|Any CPU.Build.0 = Debug|Any CPU
		{8ACA2054-671C-4019-ABF5-E7F7A6335E4D}.Release|Any CPU.ActiveCfg = Release|Any CPU
		{8ACA2054-671C-4019-ABF5-E7F7A6335E4D}.Release|Any CPU.Build.0 = Release|Any CPU
	EndGlobalSection
	GlobalSection(SolutionProperties) = preSolution
		HideSolutionNode = FALSE
	EndGlobalSection
	GlobalSection(ExtensibilityGlobals) = postSolution
		SolutionGuid = {22D4B012-2812-46E6-AC91-16BE75E972A3}
	EndGlobalSection
EndGlobal
